<?xml version="1.0" encoding="utf-8"?>
<Project ToolsVersion="4.0" xmlns="http://schemas.microsoft.com/developer/msbuild/2003">
  <ItemGroup>
    <Filter Include="Source Files">
      <UniqueIdentifier>{4FC737F1-C7A5-4376-A066-2A32D752A2FF}</UniqueIdentifier>
      <Extensions>cpp;c;cc;cxx;c++;cppm;ixx;def;odl;idl;hpj;bat;asm;asmx</Extensions>
    </Filter>
    <Filter Include="Header Files">
      <UniqueIdentifier>{93995380-89BD-4b04-88EB-625FBE52EBFB}</UniqueIdentifier>
      <Extensions>h;hh;hpp;hxx;h++;hm;inl;inc;ipp;xsd</Extensions>
    </Filter>
    <Filter Include="Resource Files">
      <UniqueIdentifier>{67DA6AB6-F800-4c08-8B7A-83BB121AAD01}</UniqueIdentifier>
      <Extensions>rc;ico;cur;bmp;dlg;rc2;rct;bin;rgs;gif;jpg;jpeg;jpe;resx;tiff;tif;png;wav;mfcribbon-ms</Extensions>
    </Filter>
  </ItemGroup>
  <ItemGroup>
    <ClInclude Include="core\wormhole.h">
      <Filter>Header Files</Filter>
    </ClInclude>
    <ClInclude Include="wormhole-sdk\utils\memory.h">
      <Filter>Header Files</Filter>
    </ClInclude>
    <ClInclude Include="wormhole-sdk\source-sdk\color.h">
      <Filter>Header Files</Filter>
    </ClInclude>
    <ClInclude Include="wormhole-sdk\utils\platform.h">
      <Filter>Header Files</Filter>
    </ClInclude>
    <ClInclude Include="wormhole-sdk\source-sdk\convar.h">
      <Filter>Header Files</Filter>
    </ClInclude>
    <ClInclude Include="wormhole-sdk\interfaces\console.h">
      <Filter>Header Files</Filter>
    </ClInclude>
    <ClInclude Include="wormhole-sdk\interfaces\cvar.h">
      <Filter>Header Files</Filter>
    </ClInclude>
    <ClInclude Include="core\portal2.h">
      <Filter>Header Files</Filter>
    </ClInclude>
    <ClInclude Include="core\mods.h">
      <Filter>Header Files</Filter>
    </ClInclude>
    <ClInclude Include="wormhole-sdk\interfaces\engine_api.h">
      <Filter>Header Files</Filter>
    </ClInclude>
    <ClInclude Include="wormhole-sdk\interfaces\engine_client.h">
      <Filter>Header Files</Filter>
    </ClInclude>
    <ClInclude Include="wormhole-sdk\source-sdk\misc.h">
      <Filter>Header Files</Filter>
    </ClInclude>
    <ClInclude Include="wormhole-sdk\source-sdk\vector.h">
      <Filter>Header Files</Filter>
    </ClInclude>
    <ClInclude Include="wormhole-sdk\interfaces\surface.h">
      <Filter>Header Files</Filter>
    </ClInclude>
    <ClInclude Include="wormhole-sdk\source-sdk\utlvector.h">
      <Filter>Header Files</Filter>
    </ClInclude>
    <ClInclude Include="wormhole-sdk\utils\string.h">
      <Filter>Header Files</Filter>
    </ClInclude>
    <ClInclude Include="wormhole-sdk\wormhole.h">
      <Filter>Header Files</Filter>
    </ClInclude>
    <ClInclude Include="wormhole-sdk\convar.h">
      <Filter>Header Files</Filter>
    </ClInclude>
    <ClInclude Include="wormhole-sdk\hook.h">
      <Filter>Header Files</Filter>
    </ClInclude>
    <ClInclude Include="wormhole-sdk\interfaces.h">
      <Filter>Header Files</Filter>
    </ClInclude>
    <ClInclude Include="wormhole-sdk\source_sdk.h">
      <Filter>Header Files</Filter>
    </ClInclude>
    <ClInclude Include="wormhole-sdk\utils.h">
      <Filter>Header Files</Filter>
    </ClInclude>
    <ClInclude Include="core\hooks.h">
      <Filter>Header Files</Filter>
    </ClInclude>
    <ClInclude Include="core\interfaces\interfaces.h">
      <Filter>Header Files</Filter>
    </ClInclude>
    <ClInclude Include="core\plugin.h">
      <Filter>Header Files</Filter>
    </ClInclude>
  </ItemGroup>
  <ItemGroup>
    <ClCompile Include="core\wormhole.cpp">
      <Filter>Source Files</Filter>
    </ClCompile>
    <ClCompile Include="wormhole-sdk\utils\memory.cpp">
      <Filter>Source Files</Filter>
    </ClCompile>
    <ClCompile Include="core\mods.cpp">
      <Filter>Source Files</Filter>
    </ClCompile>
    <ClCompile Include="wormhole-sdk\utils\string.cpp">
      <Filter>Source Files</Filter>
    </ClCompile>
    <ClCompile Include="core\hooks.cpp">
      <Filter>Source Files</Filter>
    </ClCompile>
    <ClCompile Include="core\interfaces\surface.cpp">
      <Filter>Source Files</Filter>
    </ClCompile>
    <ClCompile Include="core\interfaces\console.cpp">
      <Filter>Source Files</Filter>
    </ClCompile>
    <ClCompile Include="core\interfaces\cvar.cpp">
      <Filter>Source Files</Filter>
    </ClCompile>
    <ClCompile Include="core\interfaces\engine_api.cpp">
      <Filter>Source Files</Filter>
    </ClCompile>
    <ClCompile Include="core\interfaces\engine_client.cpp">
      <Filter>Source Files</Filter>
    </ClCompile>
    <ClCompile Include="core\interfaces\interfaces.cpp">
      <Filter>Source Files</Filter>
    </ClCompile>
    <ClCompile Include="core\plugin.cpp">
      <Filter>Source Files</Filter>
    </ClCompile>
    <ClCompile Include="wormhole-sdk\convar.cpp">
      <Filter>Source Files</Filter>
    </ClCompile>
    <ClCompile Include="core\hook.cpp">
      <Filter>Source Files</Filter>
    </ClCompile>
  </ItemGroup>
</Project>